
Microsoft Visual Studio Solution File, Format Version 12.00
# Visual Studio 15
VisualStudioVersion = 15.0.26730.12
MinimumVisualStudioVersion = 10.0.40219.1
Project("{FAE04EC0-301F-11D3-BF4B-00C04F79EFBC}") = "bank-objects", "bank-objects\bank-objects.csproj", "{1565DCDA-E46F-4410-A4D2-1CEC1D28AE4B}"
EndProject
Project("{FAE04EC0-301F-11D3-BF4B-00C04F79EFBC}") = "DatabaseContext", "DatabaseContext\DatabaseContext.csproj", "{774B7593-8923-4C8A-AEA2-B4A331B00F1A}"
EndProject
Global
	GlobalSection(SolutionConfigurationPlatforms) = preSolution
		Debug|Any CPU = Debug|Any CPU
		Release|Any CPU = Release|Any CPU
	EndGlobalSection
	GlobalSection(ProjectConfigurationPlatforms) = postSolution
		{1565DCDA-E46F-4410-A4D2-1CEC1D28AE4B}.Debug|Any CPU.ActiveCfg = Debug|Any CPU
		{1565DCDA-E46F-4410-A4D2-1CEC1D28AE4B}.Debug|Any CPU.Build.0 = Debug|Any CPU
		{1565DCDA-E46F-4410-A4D2-1CEC1D28AE4B}.Release|Any CPU.ActiveCfg = Release|Any CPU
		{1565DCDA-E46F-4410-A4D2-1CEC1D28AE4B}.Release|Any CPU.Build.0 = Release|Any CPU
		{774B7593-8923-4C8A-AEA2-B4A331B00F1A}.Debug|Any CPU.ActiveCfg = Debug|Any CPU
		{774B7593-8923-4C8A-AEA2-B4A331B00F1A}.Debug|Any CPU.Build.0 = Debug|Any CPU
		{774B7593-8923-4C8A-AEA2-B4A331B00F1A}.Release|Any CPU.ActiveCfg = Release|Any CPU
		{774B7593-8923-4C8A-AEA2-B4A331B00F1A}.Release|Any CPU.Build.0 = Release|Any CPU
	EndGlobalSection
	GlobalSection(SolutionProperties) = preSolution
		HideSolutionNode = FALSE
	EndGlobalSection
	GlobalSection(ExtensibilityGlobals) = postSolution
		SolutionGuid = {57E9ED4C-381B-4181-A4AD-E74A0D34705D}
	EndGlobalSection
EndGlobal
